
Microsoft Visual Studio Solution File, Format Version 12.00
# Visual Studio Version 17
VisualStudioVersion = 17.10.35122.118
MinimumVisualStudioVersion = 10.0.40219.1
Project("{FAE04EC0-301F-11D3-BF4B-00C04F79EFBC}") = "DEMO LINQ 1", "DEMO LINQ 1\DEMO LINQ 1.csproj", "{42AF1CEC-7A05-476D-8174-FFBD83E40220}"
EndProject
Global
	GlobalSection(SolutionConfigurationPlatforms) = preSolution
		Debug|Any CPU = Debug|Any CPU
		Release|Any CPU = Release|Any CPU
	EndGlobalSection
	GlobalSection(ProjectConfigurationPlatforms) = postSolution
		{42AF1CEC-7A05-476D-8174-FFBD83E40220}.Debug|Any CPU.ActiveCfg = Debug|Any CPU
		{42AF1CEC-7A05-476D-8174-FFBD83E40220}.Debug|Any CPU.Build.0 = Debug|Any CPU
		{42AF1CEC-7A05-476D-8174-FFBD83E40220}.Release|Any CPU.ActiveCfg = Release|Any CPU
		{42AF1CEC-7A05-476D-8174-FFBD83E40220}.Release|Any CPU.Build.0 = Release|Any CPU
	EndGlobalSection
	GlobalSection(SolutionProperties) = preSolution
		HideSolutionNode = FALSE
	EndGlobalSection
	GlobalSection(ExtensibilityGlobals) = postSolution
		SolutionGuid = {1E3F5572-C15B-4E55-A7E0-BD2271C4F4A3}
	EndGlobalSection
EndGlobal
